
Microsoft Visual Studio Solution File, Format Version 12.00
# Visual Studio Version 17
VisualStudioVersion = 17.8.34511.84
MinimumVisualStudioVersion = 10.0.40219.1
Project("{9A19103F-16F7-4668-BE54-9A1E7A4F7556}") = "Z-PumpControl_Raspi", "Z-PumpControl_Raspi.csproj", "{8696962E-ED62-401D-A1E4-5F467FADED57}"
EndProject
Global
	GlobalSection(SolutionConfigurationPlatforms) = preSolution
		Debug|Any CPU = Debug|Any CPU
		Release|Any CPU = Release|Any CPU
	EndGlobalSection
	GlobalSection(ProjectConfigurationPlatforms) = postSolution
		{8696962E-ED62-401D-A1E4-5F467FADED57}.Debug|Any CPU.ActiveCfg = Debug|Any CPU
		{8696962E-ED62-401D-A1E4-5F467FADED57}.Debug|Any CPU.Build.0 = Debug|Any CPU
		{8696962E-ED62-401D-A1E4-5F467FADED57}.Release|Any CPU.ActiveCfg = Release|Any CPU
		{8696962E-ED62-401D-A1E4-5F467FADED57}.Release|Any CPU.Build.0 = Release|Any CPU
	EndGlobalSection
	GlobalSection(SolutionProperties) = preSolution
		HideSolutionNode = FALSE
	EndGlobalSection
	GlobalSection(ExtensibilityGlobals) = postSolution
		SolutionGuid = {893125F2-DA56-4254-B072-BCC2428E2148}
	EndGlobalSection
EndGlobal
